{
  "configs": {
    "repository": "https://github.com/edugis-org/webmapx-configs.git",
    "commit": "ad5a1fc02ac46b787c0b0f0b0f4ad96491d352c8"
  },
  "webmapx": {
    "repository": "https://github.com/edugis-org/webmapx.git",
    "commit": "bb10c1a3a19fb9a14a77fabbad2162f2ee8ceaa4"
  },
  "publishedAt": "2026-09-02T20:30:04.047Z"
}
