{
  "configs": {
    "repository": "https://github.com/edugis-org/webmapx-configs.git",
    "commit": "5e718014aeae27002d4451954106ff0747dd123c"
  },
  "webmapx": {
    "repository": "https://github.com/edugis-org/webmapx.git",
    "commit": "6272b372b4924d9e5c507490dcf18bedb4ffb59e"
  },
  "publishedAt": "2026-09-07T19:22:56.334Z"
}
