{
  "configs": {
    "repository": "https://github.com/edugis-org/webmapx-configs.git",
    "commit": "1303d5611db0c31a55192fd593804bc7344b617e"
  },
  "webmapx": {
    "repository": "https://github.com/edugis-org/webmapx.git",
    "commit": "c31ca6c39203ec3e781d1b49fdf8c9bce195a98a"
  },
  "publishedAt": "2026-08-30T01:15:41.075Z"
}
